// !$*UTF8*$!
{
	archiveVersion = 1;
	classes = {
	};
	objectVersion = 56;
	objects = {

/* Begin PBXBuildFile section */
		6B1222F92CC4CFB700AA4942 /* AppDelegate.m in Sources */ = {isa = PBXBuildFile; fileRef = 6B1222EC2CC4CFB700AA4942 /* AppDelegate.m */; };
		6B1222FA2CC4CFB700AA4942 /* ImageConverter.m in Sources */ = {isa = PBXBuildFile; fileRef = 6B1222F02CC4CFB700AA4942 /* ImageConverter.m */; };
		6B1222FB2CC4CFB700AA4942 /* main.m in Sources */ = {isa = PBXBuildFile; fileRef = 6B1222F12CC4CFB700AA4942 /* main.m */; };
		6B1222FC2CC4CFB700AA4942 /* RenameController.m in Sources */ = {isa = PBXBuildFile; fileRef = 6B1222F52CC4CFB700AA4942 /* RenameController.m */; };
		6B1222FD2CC4CFB700AA4942 /* ViewController.m in Sources */ = {isa = PBXBuildFile; fileRef = 6B1222F72CC4CFB700AA4942 /* ViewController.m */; };
		6B1222FE2CC4CFB700AA4942 /* Assets.xcassets in Resources */ = {isa = PBXBuildFile; fileRef = 6B1222ED2CC4CFB700AA4942 /* Assets.xcassets */; };
		6B1222FF2CC4CFB700AA4942 /* Main.storyboard in Resources */ = {isa = PBXBuildFile; fileRef = 6B1222F32CC4CFB700AA4942 /* Main.storyboard */; };
		6B1223022CC4CFC300AA4942 /* dotconvertTests.m in Sources */ = {isa = PBXBuildFile; fileRef = 6B1223002CC4CFC300AA4942 /* dotconvertTests.m */; };
		6B1223062CC4CFC500AA4942 /* dotconvertUITests.m in Sources */ = {isa = PBXBuildFile; fileRef = 6B1223032CC4CFC500AA4942 /* dotconvertUITests.m */; };
		6B1223072CC4CFC500AA4942 /* dotconvertUITestsLaunchTests.m in Sources */ = {isa = PBXBuildFile; fileRef = 6B1223042CC4CFC500AA4942 /* dotconvertUITestsLaunchTests.m */; };
		6B6993392CD727C2003289A1 /* SettingsViewController.m in Sources */ = {isa = PBXBuildFile; fileRef = 6B6993382CD727C2003289A1 /* SettingsViewController.m */; };
		6B69933C2CD72DC8003289A1 /* md_rtf.py in Resources */ = {isa = PBXBuildFile; fileRef = 6B69933B2CD72DC3003289A1 /* md_rtf.py */; };
		6B69933F2CD73154003289A1 /* PythonConverterController.m in Sources */ = {isa = PBXBuildFile; fileRef = 6B69933E2CD73154003289A1 /* PythonConverterController.m */; };
		6B8CEED62CC4D6520037AD93 /* Pods_dotconvert.framework in Frameworks */ = {isa = PBXBuildFile; fileRef = 739530A3C30685B3A7A6D19D /* Pods_dotconvert.framework */; };
		6B8CEED92CC4D7080037AD93 /* AudioConverter.m in Sources */ = {isa = PBXBuildFile; fileRef = 6B8CEED82CC4D7080037AD93 /* AudioConverter.m */; };
		AD09418FF25CB75E208E6E5A /* Pods_dotconvert_dotconvertUITests.framework in Frameworks */ = {isa = PBXBuildFile; fileRef = 874C80EBD48CB0F5E2619922 /* Pods_dotconvert_dotconvertUITests.framework */; };
		CE6F9D0FB91974A184D782DE /* Pods_dotconvertTests.framework in Frameworks */ = {isa = PBXBuildFile; fileRef = 012A8E203DC7E042D898F49A /* Pods_dotconvertTests.framework */; };
/* End PBXBuildFile section */

/* Begin PBXContainerItemProxy section */
		6B26B9C92CC46C03002E1EE9 /* PBXContainerItemProxy */ = {
			isa = PBXContainerItemProxy;
			containerPortal = 6B26B9AB2CC46C02002E1EE9 /* Project object */;
			proxyType = 1;
			remoteGlobalIDString = 6B26B9B22CC46C02002E1EE9;
			remoteInfo = dotconvert;
		};
		6B26B9D32CC46C03002E1EE9 /* PBXContainerItemProxy */ = {
			isa = PBXContainerItemProxy;
			containerPortal = 6B26B9AB2CC46C02002E1EE9 /* Project object */;
			proxyType = 1;
			remoteGlobalIDString = 6B26B9B22CC46C02002E1EE9;
			remoteInfo = dotconvert;
		};
/* End PBXContainerItemProxy section */

/* Begin PBXFileReference section */
		012A8E203DC7E042D898F49A /* Pods_dotconvertTests.framework */ = {isa = PBXFileReference; explicitFileType = wrapper.framework; includeInIndex = 0; path = Pods_dotconvertTests.framework; sourceTree = BUILT_PRODUCTS_DIR; };
		469AFA35081A009D85241D39 /* Pods-dotconvert.release.xcconfig */ = {isa = PBXFileReference; includeInIndex = 1; lastKnownFileType = text.xcconfig; name = "Pods-dotconvert.release.xcconfig"; path = "Target Support Files/Pods-dotconvert/Pods-dotconvert.release.xcconfig"; sourceTree = "<group>"; };
		629C9ACA03BFC9DA20386958 /* Pods-dotconvert.debug.xcconfig */ = {isa = PBXFileReference; includeInIndex = 1; lastKnownFileType = text.xcconfig; name = "Pods-dotconvert.debug.xcconfig"; path = "Target Support Files/Pods-dotconvert/Pods-dotconvert.debug.xcconfig"; sourceTree = "<group>"; };
		6B1222EB2CC4CFB700AA4942 /* AppDelegate.h */ = {isa = PBXFileReference; lastKnownFileType = sourcecode.c.h; path = AppDelegate.h; sourceTree = "<group>"; };
		6B1222EC2CC4CFB700AA4942 /* AppDelegate.m */ = {isa = PBXFileReference; lastKnownFileType = sourcecode.c.objc; path = AppDelegate.m; sourceTree = "<group>"; };
		6B1222ED2CC4CFB700AA4942 /* Assets.xcassets */ = {isa = PBXFileReference; lastKnownFileType = folder.assetcatalog; path = Assets.xcassets; sourceTree = "<group>"; };
		6B1222EE2CC4CFB700AA4942 /* dotconvert.entitlements */ = {isa = PBXFileReference; lastKnownFileType = text.plist.entitlements; path = dotconvert.entitlements; sourceTree = "<group>"; };
		6B1222EF2CC4CFB700AA4942 /* ImageConverter.h */ = {isa = PBXFileReference; lastKnownFileType = sourcecode.c.h; path = ImageConverter.h; sourceTree = "<group>"; };
		6B1222F02CC4CFB700AA4942 /* ImageConverter.m */ = {isa = PBXFileReference; lastKnownFileType = sourcecode.c.objc; path = ImageConverter.m; sourceTree = "<group>"; };
		6B1222F12CC4CFB700AA4942 /* main.m */ = {isa = PBXFileReference; lastKnownFileType = sourcecode.c.objc; path = main.m; sourceTree = "<group>"; };
		6B1222F22CC4CFB700AA4942 /* Base */ = {isa = PBXFileReference; lastKnownFileType = file.storyboard; name = Base; path = Base.lproj/Main.storyboard; sourceTree = "<group>"; };
		6B1222F42CC4CFB700AA4942 /* RenameController.h */ = {isa = PBXFileReference; lastKnownFileType = sourcecode.c.h; path = RenameController.h; sourceTree = "<group>"; };
		6B1222F52CC4CFB700AA4942 /* RenameController.m */ = {isa = PBXFileReference; lastKnownFileType = sourcecode.c.objc; path = RenameController.m; sourceTree = "<group>"; };
		6B1222F62CC4CFB700AA4942 /* ViewController.h */ = {isa = PBXFileReference; lastKnownFileType = sourcecode.c.h; path = ViewController.h; sourceTree = "<group>"; };
		6B1222F72CC4CFB700AA4942 /* ViewController.m */ = {isa = PBXFileReference; lastKnownFileType = sourcecode.c.objc; path = ViewController.m; sourceTree = "<group>"; };
		6B1223002CC4CFC300AA4942 /* dotconvertTests.m */ = {isa = PBXFileReference; lastKnownFileType = sourcecode.c.objc; path = dotconvertTests.m; sourceTree = "<group>"; };
		6B1223032CC4CFC500AA4942 /* dotconvertUITests.m */ = {isa = PBXFileReference; lastKnownFileType = sourcecode.c.objc; path = dotconvertUITests.m; sourceTree = "<group>"; };
		6B1223042CC4CFC500AA4942 /* dotconvertUITestsLaunchTests.m */ = {isa = PBXFileReference; lastKnownFileType = sourcecode.c.objc; path = dotconvertUITestsLaunchTests.m; sourceTree = "<group>"; };
		6B26B9B32CC46C02002E1EE9 /* dotconvert.app */ = {isa = PBXFileReference; explicitFileType = wrapper.application; includeInIndex = 0; path = dotconvert.app; sourceTree = BUILT_PRODUCTS_DIR; };
		6B26B9C82CC46C03002E1EE9 /* dotconvertTests.xctest */ = {isa = PBXFileReference; explicitFileType = wrapper.cfbundle; includeInIndex = 0; path = dotconvertTests.xctest; sourceTree = BUILT_PRODUCTS_DIR; };
		6B26B9D22CC46C03002E1EE9 /* dotconvertUITests.xctest */ = {isa = PBXFileReference; explicitFileType = wrapper.cfbundle; includeInIndex = 0; path = dotconvertUITests.xctest; sourceTree = BUILT_PRODUCTS_DIR; };
		6B6993372CD727C2003289A1 /* SettingsViewController.h */ = {isa = PBXFileReference; lastKnownFileType = sourcecode.c.h; path = SettingsViewController.h; sourceTree = "<group>"; };
		6B6993382CD727C2003289A1 /* SettingsViewController.m */ = {isa = PBXFileReference; lastKnownFileType = sourcecode.c.objc; path = SettingsViewController.m; sourceTree = "<group>"; };
		6B69933B2CD72DC3003289A1 /* md_rtf.py */ = {isa = PBXFileReference; lastKnownFileType = text.script.python; path = md_rtf.py; sourceTree = "<group>"; };
		6B69933D2CD73154003289A1 /* PythonConverterController.h */ = {isa = PBXFileReference; lastKnownFileType = sourcecode.c.h; path = PythonConverterController.h; sourceTree = "<group>"; };
		6B69933E2CD73154003289A1 /* PythonConverterController.m */ = {isa = PBXFileReference; lastKnownFileType = sourcecode.c.objc; path = PythonConverterController.m; sourceTree = "<group>"; };
		6B8CEECD2CC4D4DA0037AD93 /* ffmpegkit.xcframework */ = {isa = PBXFileReference; lastKnownFileType = wrapper.xcframework; name = ffmpegkit.xcframework; path = "Pods/ffmpeg-kit-macos-full/ffmpegkit.xcframework"; sourceTree = "<group>"; };
		6B8CEED72CC4D6F60037AD93 /* AudioConverter.h */ = {isa = PBXFileReference; lastKnownFileType = sourcecode.c.h; path = AudioConverter.h; sourceTree = "<group>"; };
		6B8CEED82CC4D7080037AD93 /* AudioConverter.m */ = {isa = PBXFileReference; lastKnownFileType = sourcecode.c.objc; path = AudioConverter.m; sourceTree = "<group>"; };
		739530A3C30685B3A7A6D19D /* Pods_dotconvert.framework */ = {isa = PBXFileReference; explicitFileType = wrapper.framework; includeInIndex = 0; path = Pods_dotconvert.framework; sourceTree = BUILT_PRODUCTS_DIR; };
		77A902F92B60A031FD018A54 /* Pods-dotconvert-dotconvertUITests.release.xcconfig */ = {isa = PBXFileReference; includeInIndex = 1; lastKnownFileType = text.xcconfig; name = "Pods-dotconvert-dotconvertUITests.release.xcconfig"; path = "Target Support Files/Pods-dotconvert-dotconvertUITests/Pods-dotconvert-dotconvertUITests.release.xcconfig"; sourceTree = "<group>"; };
		874C80EBD48CB0F5E2619922 /* Pods_dotconvert_dotconvertUITests.framework */ = {isa = PBXFileReference; explicitFileType = wrapper.framework; includeInIndex = 0; path = Pods_dotconvert_dotconvertUITests.framework; sourceTree = BUILT_PRODUCTS_DIR; };
		923CA9800894A3B398FB3080 /* Pods-dotconvertTests.debug.xcconfig */ = {isa = PBXFileReference; includeInIndex = 1; lastKnownFileType = text.xcconfig; name = "Pods-dotconvertTests.debug.xcconfig"; path = "Target Support Files/Pods-dotconvertTests/Pods-dotconvertTests.debug.xcconfig"; sourceTree = "<group>"; };
		B707B0FCB3222E99013ECC05 /* Pods-dotconvert-dotconvertUITests.debug.xcconfig */ = {isa = PBXFileReference; includeInIndex = 1; lastKnownFileType = text.xcconfig; name = "Pods-dotconvert-dotconvertUITests.debug.xcconfig"; path = "Target Support Files/Pods-dotconvert-dotconvertUITests/Pods-dotconvert-dotconvertUITests.debug.xcconfig"; sourceTree = "<group>"; };
		EA605463410F8CB96D610AA0 /* Pods-dotconvertTests.release.xcconfig */ = {isa = PBXFileReference; includeInIndex = 1; lastKnownFileType = text.xcconfig; name = "Pods-dotconvertTests.release.xcconfig"; path = "Target Support Files/Pods-dotconvertTests/Pods-dotconvertTests.release.xcconfig"; sourceTree = "<group>"; };
/* End PBXFileReference section */

/* Begin PBXFrameworksBuildPhase section */
		6B26B9B02CC46C02002E1EE9 /* Frameworks */ = {
			isa = PBXFrameworksBuildPhase;
			buildActionMask = 2147483647;
			files = (
				6B8CEED62CC4D6520037AD93 /* Pods_dotconvert.framework in Frameworks */,
			);
			runOnlyForDeploymentPostprocessing = 0;
		};
		6B26B9C52CC46C03002E1EE9 /* Frameworks */ = {
			isa = PBXFrameworksBuildPhase;
			buildActionMask = 2147483647;
			files = (
				CE6F9D0FB91974A184D782DE /* Pods_dotconvertTests.framework in Frameworks */,
			);
			runOnlyForDeploymentPostprocessing = 0;
		};
		6B26B9CF2CC46C03002E1EE9 /* Frameworks */ = {
			isa = PBXFrameworksBuildPhase;
			buildActionMask = 2147483647;
			files = (
				AD09418FF25CB75E208E6E5A /* Pods_dotconvert_dotconvertUITests.framework in Frameworks */,
			);
			runOnlyForDeploymentPostprocessing = 0;
		};
/* End PBXFrameworksBuildPhase section */

/* Begin PBXGroup section */
		6B1222F82CC4CFB700AA4942 /* dotconvert */ = {
			isa = PBXGroup;
			children = (
				6B69933A2CD72D90003289A1 /* pyconverters */,
				6B1222EB2CC4CFB700AA4942 /* AppDelegate.h */,
				6B1222EC2CC4CFB700AA4942 /* AppDelegate.m */,
				6B1222ED2CC4CFB700AA4942 /* Assets.xcassets */,
				6B1222EE2CC4CFB700AA4942 /* dotconvert.entitlements */,
				6B8CEED72CC4D6F60037AD93 /* AudioConverter.h */,
				6B8CEED82CC4D7080037AD93 /* AudioConverter.m */,
				6B1222EF2CC4CFB700AA4942 /* ImageConverter.h */,
				6B1222F02CC4CFB700AA4942 /* ImageConverter.m */,
				6B1222F12CC4CFB700AA4942 /* main.m */,
				6B1222F32CC4CFB700AA4942 /* Main.storyboard */,
				6B1222F42CC4CFB700AA4942 /* RenameController.h */,
				6B1222F52CC4CFB700AA4942 /* RenameController.m */,
				6B69933D2CD73154003289A1 /* PythonConverterController.h */,
				6B69933E2CD73154003289A1 /* PythonConverterController.m */,
				6B1222F62CC4CFB700AA4942 /* ViewController.h */,
				6B1222F72CC4CFB700AA4942 /* ViewController.m */,
				6B6993362CD72789003289A1 /* Settings */,
			);
			path = dotconvert;
			sourceTree = "<group>";
		};
		6B1223012CC4CFC300AA4942 /* dotconvertTests */ = {
			isa = PBXGroup;
			children = (
				6B1223002CC4CFC300AA4942 /* dotconvertTests.m */,
			);
			path = dotconvertTests;
			sourceTree = "<group>";
		};
		6B1223052CC4CFC500AA4942 /* dotconvertUITests */ = {
			isa = PBXGroup;
			children = (
				6B1223032CC4CFC500AA4942 /* dotconvertUITests.m */,
				6B1223042CC4CFC500AA4942 /* dotconvertUITestsLaunchTests.m */,
			);
			path = dotconvertUITests;
			sourceTree = "<group>";
		};
		6B26B9AA2CC46C02002E1EE9 = {
			isa = PBXGroup;
			children = (
				6B1222F82CC4CFB700AA4942 /* dotconvert */,
				6B1223012CC4CFC300AA4942 /* dotconvertTests */,
				6B1223052CC4CFC500AA4942 /* dotconvertUITests */,
				6B26B9B42CC46C02002E1EE9 /* Products */,
				740E3DB97D44F30C0B212A3E /* Pods */,
				81F199B806E9A71188375904 /* Frameworks */,
			);
			sourceTree = "<group>";
		};
		6B26B9B42CC46C02002E1EE9 /* Products */ = {
			isa = PBXGroup;
			children = (
				6B26B9B32CC46C02002E1EE9 /* dotconvert.app */,
				6B26B9C82CC46C03002E1EE9 /* dotconvertTests.xctest */,
				6B26B9D22CC46C03002E1EE9 /* dotconvertUITests.xctest */,
			);
			name = Products;
			sourceTree = "<group>";
		};
		6B6993362CD72789003289A1 /* Settings */ = {
			isa = PBXGroup;
			children = (
				6B6993372CD727C2003289A1 /* SettingsViewController.h */,
				6B6993382CD727C2003289A1 /* SettingsViewController.m */,
			);
			path = Settings;
			sourceTree = "<group>";
		};
		6B69933A2CD72D90003289A1 /* pyconverters */ = {
			isa = PBXGroup;
			children = (
				6B69933B2CD72DC3003289A1 /* md_rtf.py */,
			);
			path = pyconverters;
			sourceTree = "<group>";
		};
		740E3DB97D44F30C0B212A3E /* Pods */ = {
			isa = PBXGroup;
			children = (
				629C9ACA03BFC9DA20386958 /* Pods-dotconvert.debug.xcconfig */,
				469AFA35081A009D85241D39 /* Pods-dotconvert.release.xcconfig */,
				B707B0FCB3222E99013ECC05 /* Pods-dotconvert-dotconvertUITests.debug.xcconfig */,
				77A902F92B60A031FD018A54 /* Pods-dotconvert-dotconvertUITests.release.xcconfig */,
				923CA9800894A3B398FB3080 /* Pods-dotconvertTests.debug.xcconfig */,
				EA605463410F8CB96D610AA0 /* Pods-dotconvertTests.release.xcconfig */,
			);
			path = Pods;
			sourceTree = "<group>";
		};
		81F199B806E9A71188375904 /* Frameworks */ = {
			isa = PBXGroup;
			children = (
				6B8CEECD2CC4D4DA0037AD93 /* ffmpegkit.xcframework */,
				739530A3C30685B3A7A6D19D /* Pods_dotconvert.framework */,
				874C80EBD48CB0F5E2619922 /* Pods_dotconvert_dotconvertUITests.framework */,
				012A8E203DC7E042D898F49A /* Pods_dotconvertTests.framework */,
			);
			name = Frameworks;
			sourceTree = "<group>";
		};
/* End PBXGroup section */

/* Begin PBXNativeTarget section */
		6B26B9B22CC46C02002E1EE9 /* dotconvert */ = {
			isa = PBXNativeTarget;
			buildConfigurationList = 6B26B9DC2CC46C03002E1EE9 /* Build configuration list for PBXNativeTarget "dotconvert" */;
			buildPhases = (
				2722CB2C4631A643130687F7 /* [CP] Check Pods Manifest.lock */,
				6B26B9AF2CC46C02002E1EE9 /* Sources */,
				6B26B9B02CC46C02002E1EE9 /* Frameworks */,
				6B26B9B12CC46C02002E1EE9 /* Resources */,
				161AB5396762F70280F7610B /* [CP] Embed Pods Frameworks */,
			);
			buildRules = (
			);
			dependencies = (
			);
			name = dotconvert;
			productName = dotconvert;
			productReference = 6B26B9B32CC46C02002E1EE9 /* dotconvert.app */;
			productType = "com.apple.product-type.application";
		};
		6B26B9C72CC46C03002E1EE9 /* dotconvertTests */ = {
			isa = PBXNativeTarget;
			buildConfigurationList = 6B26B9DF2CC46C03002E1EE9 /* Build configuration list for PBXNativeTarget "dotconvertTests" */;
			buildPhases = (
				A4BF2B85E03E8244B284ADF1 /* [CP] Check Pods Manifest.lock */,
				6B26B9C42CC46C03002E1EE9 /* Sources */,
				6B26B9C52CC46C03002E1EE9 /* Frameworks */,
				6B26B9C62CC46C03002E1EE9 /* Resources */,
			);
			buildRules = (
			);
			dependencies = (
				6B26B9CA2CC46C03002E1EE9 /* PBXTargetDependency */,
			);
			name = dotconvertTests;
			productName = dotconvertTests;
			productReference = 6B26B9C82CC46C03002E1EE9 /* dotconvertTests.xctest */;
			productType = "com.apple.product-type.bundle.unit-test";
		};
		6B26B9D12CC46C03002E1EE9 /* dotconvertUITests */ = {
			isa = PBXNativeTarget;
			buildConfigurationList = 6B26B9E22CC46C03002E1EE9 /* Build configuration list for PBXNativeTarget "dotconvertUITests" */;
			buildPhases = (
				A7F0A4FC87F8B4E7512C5BEA /* [CP] Check Pods Manifest.lock */,
				6B26B9CE2CC46C03002E1EE9 /* Sources */,
				6B26B9CF2CC46C03002E1EE9 /* Frameworks */,
				6B26B9D02CC46C03002E1EE9 /* Resources */,
				74AD3A9030CC2BD98F0C4D6B /* [CP] Embed Pods Frameworks */,
			);
			buildRules = (
			);
			dependencies = (
				6B26B9D42CC46C03002E1EE9 /* PBXTargetDependency */,
			);
			name = dotconvertUITests;
			productName = dotconvertUITests;
			productReference = 6B26B9D22CC46C03002E1EE9 /* dotconvertUITests.xctest */;
			productType = "com.apple.product-type.bundle.ui-testing";
		};
/* End PBXNativeTarget section */

/* Begin PBXProject section */
		6B26B9AB2CC46C02002E1EE9 /* Project object */ = {
			isa = PBXProject;
			attributes = {
				BuildIndependentTargetsInParallel = 1;
				LastUpgradeCheck = 1600;
				TargetAttributes = {
					6B26B9B22CC46C02002E1EE9 = {
						CreatedOnToolsVersion = 16.0;
					};
					6B26B9C72CC46C03002E1EE9 = {
						CreatedOnToolsVersion = 16.0;
						TestTargetID = 6B26B9B22CC46C02002E1EE9;
					};
					6B26B9D12CC46C03002E1EE9 = {
						CreatedOnToolsVersion = 16.0;
						TestTargetID = 6B26B9B22CC46C02002E1EE9;
					};
				};
			};
			buildConfigurationList = 6B26B9AE2CC46C02002E1EE9 /* Build configuration list for PBXProject "dotconvert" */;
			compatibilityVersion = "Xcode 14.0";
			developmentRegion = en;
			hasScannedForEncodings = 0;
			knownRegions = (
				en,
				Base,
			);
			mainGroup = 6B26B9AA2CC46C02002E1EE9;
			productRefGroup = 6B26B9B42CC46C02002E1EE9 /* Products */;
			projectDirPath = "";
			projectRoot = "";
			targets = (
				6B26B9B22CC46C02002E1EE9 /* dotconvert */,
				6B26B9C72CC46C03002E1EE9 /* dotconvertTests */,
				6B26B9D12CC46C03002E1EE9 /* dotconvertUITests */,
			);
		};
/* End PBXProject section */

/* Begin PBXResourcesBuildPhase section */
		6B26B9B12CC46C02002E1EE9 /* Resources */ = {
			isa = PBXResourcesBuildPhase;
			buildActionMask = 2147483647;
			files = (
				6B69933C2CD72DC8003289A1 /* md_rtf.py in Resources */,
				6B1222FE2CC4CFB700AA4942 /* Assets.xcassets in Resources */,
				6B1222FF2CC4CFB700AA4942 /* Main.storyboard in Resources */,
			);
			runOnlyForDeploymentPostprocessing = 0;
		};
		6B26B9C62CC46C03002E1EE9 /* Resources */ = {
			isa = PBXResourcesBuildPhase;
			buildActionMask = 2147483647;
			files = (
			);
			runOnlyForDeploymentPostprocessing = 0;
		};
		6B26B9D02CC46C03002E1EE9 /* Resources */ = {
			isa = PBXResourcesBuildPhase;
			buildActionMask = 2147483647;
			files = (
			);
			runOnlyForDeploymentPostprocessing = 0;
		};
/* End PBXResourcesBuildPhase section */

/* Begin PBXShellScriptBuildPhase section */
		161AB5396762F70280F7610B /* [CP] Embed Pods Frameworks */ = {
			isa = PBXShellScriptBuildPhase;
			buildActionMask = 2147483647;
			files = (
			);
			inputFileListPaths = (
				"${PODS_ROOT}/Target Support Files/Pods-dotconvert/Pods-dotconvert-frameworks-${CONFIGURATION}-input-files.xcfilelist",
			);
			name = "[CP] Embed Pods Frameworks";
			outputFileListPaths = (
				"${PODS_ROOT}/Target Support Files/Pods-dotconvert/Pods-dotconvert-frameworks-${CONFIGURATION}-output-files.xcfilelist",
			);
			runOnlyForDeploymentPostprocessing = 0;
			shellPath = /bin/sh;
			shellScript = "\"${PODS_ROOT}/Target Support Files/Pods-dotconvert/Pods-dotconvert-frameworks.sh\"\n";
			showEnvVarsInLog = 0;
		};
		2722CB2C4631A643130687F7 /* [CP] Check Pods Manifest.lock */ = {
			isa = PBXShellScriptBuildPhase;
			buildActionMask = 2147483647;
			files = (
			);
			inputFileListPaths = (
			);
			inputPaths = (
				"${PODS_PODFILE_DIR_PATH}/Podfile.lock",
				"${PODS_ROOT}/Manifest.lock",
			);
			name = "[CP] Check Pods Manifest.lock";
			outputFileListPaths = (
			);
			outputPaths = (
				"$(DERIVED_FILE_DIR)/Pods-dotconvert-checkManifestLockResult.txt",
			);
			runOnlyForDeploymentPostprocessing = 0;
			shellPath = /bin/sh;
			shellScript = "diff \"${PODS_PODFILE_DIR_PATH}/Podfile.lock\" \"${PODS_ROOT}/Manifest.lock\" > /dev/null\nif [ $? != 0 ] ; then\n    # print error to STDERR\n    echo \"error: The sandbox is not in sync with the Podfile.lock. Run 'pod install' or update your CocoaPods installation.\" >&2\n    exit 1\nfi\n# This output is used by Xcode 'outputs' to avoid re-running this script phase.\necho \"SUCCESS\" > \"${SCRIPT_OUTPUT_FILE_0}\"\n";
			showEnvVarsInLog = 0;
		};
		74AD3A9030CC2BD98F0C4D6B /* [CP] Embed Pods Frameworks */ = {
			isa = PBXShellScriptBuildPhase;
			buildActionMask = 2147483647;
			files = (
			);
			inputFileListPaths = (
				"${PODS_ROOT}/Target Support Files/Pods-dotconvert-dotconvertUITests/Pods-dotconvert-dotconvertUITests-frameworks-${CONFIGURATION}-input-files.xcfilelist",
			);
			name = "[CP] Embed Pods Frameworks";
			outputFileListPaths = (
				"${PODS_ROOT}/Target Support Files/Pods-dotconvert-dotconvertUITests/Pods-dotconvert-dotconvertUITests-frameworks-${CONFIGURATION}-output-files.xcfilelist",
			);
			runOnlyForDeploymentPostprocessing = 0;
			shellPath = /bin/sh;
			shellScript = "\"${PODS_ROOT}/Target Support Files/Pods-dotconvert-dotconvertUITests/Pods-dotconvert-dotconvertUITests-frameworks.sh\"\n";
			showEnvVarsInLog = 0;
		};
		A4BF2B85E03E8244B284ADF1 /* [CP] Check Pods Manifest.lock */ = {
			isa = PBXShellScriptBuildPhase;
			buildActionMask = 2147483647;
			files = (
			);
			inputFileListPaths = (
			);
			inputPaths = (
				"${PODS_PODFILE_DIR_PATH}/Podfile.lock",
				"${PODS_ROOT}/Manifest.lock",
			);
			name = "[CP] Check Pods Manifest.lock";
			outputFileListPaths = (
			);
			outputPaths = (
				"$(DERIVED_FILE_DIR)/Pods-dotconvertTests-checkManifestLockResult.txt",
			);
			runOnlyForDeploymentPostprocessing = 0;
			shellPath = /bin/sh;
			shellScript = "diff \"${PODS_PODFILE_DIR_PATH}/Podfile.lock\" \"${PODS_ROOT}/Manifest.lock\" > /dev/null\nif [ $? != 0 ] ; then\n    # print error to STDERR\n    echo \"error: The sandbox is not in sync with the Podfile.lock. Run 'pod install' or update your CocoaPods installation.\" >&2\n    exit 1\nfi\n# This output is used by Xcode 'outputs' to avoid re-running this script phase.\necho \"SUCCESS\" > \"${SCRIPT_OUTPUT_FILE_0}\"\n";
			showEnvVarsInLog = 0;
		};
		A7F0A4FC87F8B4E7512C5BEA /* [CP] Check Pods Manifest.lock */ = {
			isa = PBXShellScriptBuildPhase;
			buildActionMask = 2147483647;
			files = (
			);
			inputFileListPaths = (
			);
			inputPaths = (
				"${PODS_PODFILE_DIR_PATH}/Podfile.lock",
				"${PODS_ROOT}/Manifest.lock",
			);
			name = "[CP] Check Pods Manifest.lock";
			outputFileListPaths = (
			);
			outputPaths = (
				"$(DERIVED_FILE_DIR)/Pods-dotconvert-dotconvertUITests-checkManifestLockResult.txt",
			);
			runOnlyForDeploymentPostprocessing = 0;
			shellPath = /bin/sh;
			shellScript = "diff \"${PODS_PODFILE_DIR_PATH}/Podfile.lock\" \"${PODS_ROOT}/Manifest.lock\" > /dev/null\nif [ $? != 0 ] ; then\n    # print error to STDERR\n    echo \"error: The sandbox is not in sync with the Podfile.lock. Run 'pod install' or update your CocoaPods installation.\" >&2\n    exit 1\nfi\n# This output is used by Xcode 'outputs' to avoid re-running this script phase.\necho \"SUCCESS\" > \"${SCRIPT_OUTPUT_FILE_0}\"\n";
			showEnvVarsInLog = 0;
		};
/* End PBXShellScriptBuildPhase section */

/* Begin PBXSourcesBuildPhase section */
		6B26B9AF2CC46C02002E1EE9 /* Sources */ = {
			isa = PBXSourcesBuildPhase;
			buildActionMask = 2147483647;
			files = (
				6B1222F92CC4CFB700AA4942 /* AppDelegate.m in Sources */,
				6B1222FA2CC4CFB700AA4942 /* ImageConverter.m in Sources */,
				6B1222FB2CC4CFB700AA4942 /* main.m in Sources */,
				6B1222FC2CC4CFB700AA4942 /* RenameController.m in Sources */,
				6B69933F2CD73154003289A1 /* PythonConverterController.m in Sources */,
				6B1222FD2CC4CFB700AA4942 /* ViewController.m in Sources */,
				6B8CEED92CC4D7080037AD93 /* AudioConverter.m in Sources */,
				6B6993392CD727C2003289A1 /* SettingsViewController.m in Sources */,
			);
			runOnlyForDeploymentPostprocessing = 0;
		};
		6B26B9C42CC46C03002E1EE9 /* Sources */ = {
			isa = PBXSourcesBuildPhase;
			buildActionMask = 2147483647;
			files = (
				6B1223022CC4CFC300AA4942 /* dotconvertTests.m in Sources */,
			);
			runOnlyForDeploymentPostprocessing = 0;
		};
		6B26B9CE2CC46C03002E1EE9 /* Sources */ = {
			isa = PBXSourcesBuildPhase;
			buildActionMask = 2147483647;
			files = (
				6B1223062CC4CFC500AA4942 /* dotconvertUITests.m in Sources */,
				6B1223072CC4CFC500AA4942 /* dotconvertUITestsLaunchTests.m in Sources */,
			);
			runOnlyForDeploymentPostprocessing = 0;
		};
/* End PBXSourcesBuildPhase section */

/* Begin PBXTargetDependency section */
		6B26B9CA2CC46C03002E1EE9 /* PBXTargetDependency */ = {
			isa = PBXTargetDependency;
			target = 6B26B9B22CC46C02002E1EE9 /* dotconvert */;
			targetProxy = 6B26B9C92CC46C03002E1EE9 /* PBXContainerItemProxy */;
		};
		6B26B9D42CC46C03002E1EE9 /* PBXTargetDependency */ = {
			isa = PBXTargetDependency;
			target = 6B26B9B22CC46C02002E1EE9 /* dotconvert */;
			targetProxy = 6B26B9D32CC46C03002E1EE9 /* PBXContainerItemProxy */;
		};
/* End PBXTargetDependency section */

/* Begin PBXVariantGroup section */
		6B1222F32CC4CFB700AA4942 /* Main.storyboard */ = {
			isa = PBXVariantGroup;
			children = (
				6B1222F22CC4CFB700AA4942 /* Base */,
			);
			name = Main.storyboard;
			sourceTree = "<group>";
		};
/* End PBXVariantGroup section */

/* Begin XCBuildConfiguration section */
		6B26B9DA2CC46C03002E1EE9 /* Debug */ = {
			isa = XCBuildConfiguration;
			buildSettings = {
				ALWAYS_SEARCH_USER_PATHS = NO;
				ASSETCATALOG_COMPILER_GENERATE_SWIFT_ASSET_SYMBOL_EXTENSIONS = YES;
				CLANG_ANALYZER_NONNULL = YES;
				CLANG_ANALYZER_NUMBER_OBJECT_CONVERSION = YES_AGGRESSIVE;
				CLANG_CXX_LANGUAGE_STANDARD = "gnu++20";
				CLANG_ENABLE_MODULES = YES;
				CLANG_ENABLE_OBJC_ARC = YES;
				CLANG_ENABLE_OBJC_WEAK = YES;
				CLANG_WARN_BLOCK_CAPTURE_AUTORELEASING = YES;
				CLANG_WARN_BOOL_CONVERSION = YES;
				CLANG_WARN_COMMA = YES;
				CLANG_WARN_CONSTANT_CONVERSION = YES;
				CLANG_WARN_DEPRECATED_OBJC_IMPLEMENTATIONS = YES;
				CLANG_WARN_DIRECT_OBJC_ISA_USAGE = YES_ERROR;
				CLANG_WARN_DOCUMENTATION_COMMENTS = YES;
				CLANG_WARN_EMPTY_BODY = YES;
				CLANG_WARN_ENUM_CONVERSION = YES;
				CLANG_WARN_INFINITE_RECURSION = YES;
				CLANG_WARN_INT_CONVERSION = YES;
				CLANG_WARN_NON_LITERAL_NULL_CONVERSION = YES;
				CLANG_WARN_OBJC_IMPLICIT_RETAIN_SELF = YES;
				CLANG_WARN_OBJC_LITERAL_CONVERSION = YES;
				CLANG_WARN_OBJC_ROOT_CLASS = YES_ERROR;
				CLANG_WARN_QUOTED_INCLUDE_IN_FRAMEWORK_HEADER = YES;
				CLANG_WARN_RANGE_LOOP_ANALYSIS = YES;
				CLANG_WARN_STRICT_PROTOTYPES = YES;
				CLANG_WARN_SUSPICIOUS_MOVE = YES;
				CLANG_WARN_UNGUARDED_AVAILABILITY = YES_AGGRESSIVE;
				CLANG_WARN_UNREACHABLE_CODE = YES;
				CLANG_WARN__DUPLICATE_METHOD_MATCH = YES;
				COPY_PHASE_STRIP = NO;
				DEBUG_INFORMATION_FORMAT = dwarf;
				ENABLE_STRICT_OBJC_MSGSEND = YES;
				ENABLE_TESTABILITY = YES;
				ENABLE_USER_SCRIPT_SANDBOXING = NO;
				GCC_C_LANGUAGE_STANDARD = gnu17;
				GCC_DYNAMIC_NO_PIC = NO;
				GCC_NO_COMMON_BLOCKS = YES;
				GCC_OPTIMIZATION_LEVEL = 0;
				GCC_PREPROCESSOR_DEFINITIONS = (
					"DEBUG=1",
					"$(inherited)",
				);
				GCC_WARN_64_TO_32_BIT_CONVERSION = YES;
				GCC_WARN_ABOUT_RETURN_TYPE = YES_ERROR;
				GCC_WARN_UNDECLARED_SELECTOR = YES;
				GCC_WARN_UNINITIALIZED_AUTOS = YES_AGGRESSIVE;
				GCC_WARN_UNUSED_FUNCTION = YES;
				GCC_WARN_UNUSED_VARIABLE = YES;
				LOCALIZATION_PREFERS_STRING_CATALOGS = YES;
				MACOSX_DEPLOYMENT_TARGET = 15.0;
				MTL_ENABLE_DEBUG_INFO = INCLUDE_SOURCE;
				MTL_FAST_MATH = YES;
				ONLY_ACTIVE_ARCH = NO;
				SDKROOT = macosx;
			};
			name = Debug;
		};
		6B26B9DB2CC46C03002E1EE9 /* Release */ = {
			isa = XCBuildConfiguration;
			buildSettings = {
				ALWAYS_SEARCH_USER_PATHS = NO;
				ASSETCATALOG_COMPILER_GENERATE_SWIFT_ASSET_SYMBOL_EXTENSIONS = YES;
				CLANG_ANALYZER_NONNULL = YES;
				CLANG_ANALYZER_NUMBER_OBJECT_CONVERSION = YES_AGGRESSIVE;
				CLANG_CXX_LANGUAGE_STANDARD = "gnu++20";
				CLANG_ENABLE_MODULES = YES;
				CLANG_ENABLE_OBJC_ARC = YES;
				CLANG_ENABLE_OBJC_WEAK = YES;
				CLANG_WARN_BLOCK_CAPTURE_AUTORELEASING = YES;
				CLANG_WARN_BOOL_CONVERSION = YES;
				CLANG_WARN_COMMA = YES;
				CLANG_WARN_CONSTANT_CONVERSION = YES;
				CLANG_WARN_DEPRECATED_OBJC_IMPLEMENTATIONS = YES;
				CLANG_WARN_DIRECT_OBJC_ISA_USAGE = YES_ERROR;
				CLANG_WARN_DOCUMENTATION_COMMENTS = YES;
				CLANG_WARN_EMPTY_BODY = YES;
				CLANG_WARN_ENUM_CONVERSION = YES;
				CLANG_WARN_INFINITE_RECURSION = YES;
				CLANG_WARN_INT_CONVERSION = YES;
				CLANG_WARN_NON_LITERAL_NULL_CONVERSION = YES;
				CLANG_WARN_OBJC_IMPLICIT_RETAIN_SELF = YES;
				CLANG_WARN_OBJC_LITERAL_CONVERSION = YES;
				CLANG_WARN_OBJC_ROOT_CLASS = YES_ERROR;
				CLANG_WARN_QUOTED_INCLUDE_IN_FRAMEWORK_HEADER = YES;
				CLANG_WARN_RANGE_LOOP_ANALYSIS = YES;
				CLANG_WARN_STRICT_PROTOTYPES = YES;
				CLANG_WARN_SUSPICIOUS_MOVE = YES;
				CLANG_WARN_UNGUARDED_AVAILABILITY = YES_AGGRESSIVE;
				CLANG_WARN_UNREACHABLE_CODE = YES;
				CLANG_WARN__DUPLICATE_METHOD_MATCH = YES;
				COPY_PHASE_STRIP = NO;
				DEBUG_INFORMATION_FORMAT = "dwarf-with-dsym";
				ENABLE_NS_ASSERTIONS = NO;
				ENABLE_STRICT_OBJC_MSGSEND = YES;
				ENABLE_USER_SCRIPT_SANDBOXING = NO;
				GCC_C_LANGUAGE_STANDARD = gnu17;
				GCC_NO_COMMON_BLOCKS = YES;
				GCC_WARN_64_TO_32_BIT_CONVERSION = YES;
				GCC_WARN_ABOUT_RETURN_TYPE = YES_ERROR;
				GCC_WARN_UNDECLARED_SELECTOR = YES;
				GCC_WARN_UNINITIALIZED_AUTOS = YES_AGGRESSIVE;
				GCC_WARN_UNUSED_FUNCTION = YES;
				GCC_WARN_UNUSED_VARIABLE = YES;
				LOCALIZATION_PREFERS_STRING_CATALOGS = YES;
				MACOSX_DEPLOYMENT_TARGET = 15.0;
				MTL_ENABLE_DEBUG_INFO = NO;
				MTL_FAST_MATH = YES;
				SDKROOT = macosx;
			};
			name = Release;
		};
		6B26B9DD2CC46C03002E1EE9 /* Debug */ = {
			isa = XCBuildConfiguration;
			baseConfigurationReference = 629C9ACA03BFC9DA20386958 /* Pods-dotconvert.debug.xcconfig */;
			buildSettings = {
				ASSETCATALOG_COMPILER_APPICON_NAME = AppIcon;
				ASSETCATALOG_COMPILER_GLOBAL_ACCENT_COLOR_NAME = AccentColor;
				CODE_SIGN_ENTITLEMENTS = dotconvert/dotconvert.entitlements;
				CODE_SIGN_STYLE = Automatic;
				COMBINE_HIDPI_IMAGES = YES;
				CURRENT_PROJECT_VERSION = 1;
				DEVELOPMENT_TEAM = 3WGN7LP6NS;
				ENABLE_HARDENED_RUNTIME = YES;
				GENERATE_INFOPLIST_FILE = YES;
				INFOPLIST_KEY_LSUIElement = YES;
				INFOPLIST_KEY_NSHumanReadableCopyright = "";
				INFOPLIST_KEY_NSMainStoryboardFile = Main;
				INFOPLIST_KEY_NSPrincipalClass = NSApplication;
				LD_RUNPATH_SEARCH_PATHS = (
					"$(inherited)",
					"@executable_path/../Frameworks",
				);
				MARKETING_VERSION = 1.0;
				ONLY_ACTIVE_ARCH = NO;
				PRODUCT_BUNDLE_IDENTIFIER = com.geroembser.dotconvert;
				PRODUCT_NAME = "$(TARGET_NAME)";
				SWIFT_EMIT_LOC_STRINGS = YES;
			};
			name = Debug;
		};
		6B26B9DE2CC46C03002E1EE9 /* Release */ = {
			isa = XCBuildConfiguration;
			baseConfigurationReference = 469AFA35081A009D85241D39 /* Pods-dotconvert.release.xcconfig */;
			buildSettings = {
				ASSETCATALOG_COMPILER_APPICON_NAME = AppIcon;
				ASSETCATALOG_COMPILER_GLOBAL_ACCENT_COLOR_NAME = AccentColor;
				CODE_SIGN_ENTITLEMENTS = dotconvert/dotconvert.entitlements;
				CODE_SIGN_STYLE = Automatic;
				COMBINE_HIDPI_IMAGES = YES;
				CURRENT_PROJECT_VERSION = 1;
				DEVELOPMENT_TEAM = 3WGN7LP6NS;
				ENABLE_HARDENED_RUNTIME = YES;
				GENERATE_INFOPLIST_FILE = YES;
				INFOPLIST_KEY_LSUIElement = YES;
				INFOPLIST_KEY_NSHumanReadableCopyright = "";
				INFOPLIST_KEY_NSMainStoryboardFile = Main;
				INFOPLIST_KEY_NSPrincipalClass = NSApplication;
				LD_RUNPATH_SEARCH_PATHS = (
					"$(inherited)",
					"@executable_path/../Frameworks",
				);
				MARKETING_VERSION = 1.0;
				PRODUCT_BUNDLE_IDENTIFIER = com.geroembser.dotconvert;
				PRODUCT_NAME = "$(TARGET_NAME)";
				SWIFT_EMIT_LOC_STRINGS = YES;
			};
			name = Release;
		};
		6B26B9E02CC46C03002E1EE9 /* Debug */ = {
			isa = XCBuildConfiguration;
			baseConfigurationReference = 923CA9800894A3B398FB3080 /* Pods-dotconvertTests.debug.xcconfig */;
			buildSettings = {
				BUNDLE_LOADER = "$(TEST_HOST)";
				CODE_SIGN_STYLE = Automatic;
				CURRENT_PROJECT_VERSION = 1;
				DEVELOPMENT_TEAM = 3WGN7LP6NS;
				GENERATE_INFOPLIST_FILE = YES;
				MACOSX_DEPLOYMENT_TARGET = 15.0;
				MARKETING_VERSION = 1.0;
				PRODUCT_BUNDLE_IDENTIFIER = com.geroembser.dotconvertTests;
				PRODUCT_NAME = "$(TARGET_NAME)";
				SWIFT_EMIT_LOC_STRINGS = NO;
				TEST_HOST = "$(BUILT_PRODUCTS_DIR)/dotconvert.app/$(BUNDLE_EXECUTABLE_FOLDER_PATH)/dotconvert";
			};
			name = Debug;
		};
		6B26B9E12CC46C03002E1EE9 /* Release */ = {
			isa = XCBuildConfiguration;
			baseConfigurationReference = EA605463410F8CB96D610AA0 /* Pods-dotconvertTests.release.xcconfig */;
			buildSettings = {
				BUNDLE_LOADER = "$(TEST_HOST)";
				CODE_SIGN_STYLE = Automatic;
				CURRENT_PROJECT_VERSION = 1;
				DEVELOPMENT_TEAM = 3WGN7LP6NS;
				GENERATE_INFOPLIST_FILE = YES;
				MACOSX_DEPLOYMENT_TARGET = 15.0;
				MARKETING_VERSION = 1.0;
				PRODUCT_BUNDLE_IDENTIFIER = com.geroembser.dotconvertTests;
				PRODUCT_NAME = "$(TARGET_NAME)";
				SWIFT_EMIT_LOC_STRINGS = NO;
				TEST_HOST = "$(BUILT_PRODUCTS_DIR)/dotconvert.app/$(BUNDLE_EXECUTABLE_FOLDER_PATH)/dotconvert";
			};
			name = Release;
		};
		6B26B9E32CC46C03002E1EE9 /* Debug */ = {
			isa = XCBuildConfiguration;
			baseConfigurationReference = B707B0FCB3222E99013ECC05 /* Pods-dotconvert-dotconvertUITests.debug.xcconfig */;
			buildSettings = {
				CODE_SIGN_STYLE = Automatic;
				CURRENT_PROJECT_VERSION = 1;
				DEVELOPMENT_TEAM = 3WGN7LP6NS;
				GENERATE_INFOPLIST_FILE = YES;
				MARKETING_VERSION = 1.0;
				PRODUCT_BUNDLE_IDENTIFIER = com.geroembser.dotconvertUITests;
				PRODUCT_NAME = "$(TARGET_NAME)";
				SWIFT_EMIT_LOC_STRINGS = NO;
				TEST_TARGET_NAME = dotconvert;
			};
			name = Debug;
		};
		6B26B9E42CC46C03002E1EE9 /* Release */ = {
			isa = XCBuildConfiguration;
			baseConfigurationReference = 77A902F92B60A031FD018A54 /* Pods-dotconvert-dotconvertUITests.release.xcconfig */;
			buildSettings = {
				CODE_SIGN_STYLE = Automatic;
				CURRENT_PROJECT_VERSION = 1;
				DEVELOPMENT_TEAM = 3WGN7LP6NS;
				GENERATE_INFOPLIST_FILE = YES;
				MARKETING_VERSION = 1.0;
				PRODUCT_BUNDLE_IDENTIFIER = com.geroembser.dotconvertUITests;
				PRODUCT_NAME = "$(TARGET_NAME)";
				SWIFT_EMIT_LOC_STRINGS = NO;
				TEST_TARGET_NAME = dotconvert;
			};
			name = Release;
		};
/* End XCBuildConfiguration section */

/* Begin XCConfigurationList section */
		6B26B9AE2CC46C02002E1EE9 /* Build configuration list for PBXProject "dotconvert" */ = {
			isa = XCConfigurationList;
			buildConfigurations = (
				6B26B9DA2CC46C03002E1EE9 /* Debug */,
				6B26B9DB2CC46C03002E1EE9 /* Release */,
			);
			defaultConfigurationIsVisible = 0;
			defaultConfigurationName = Release;
		};
		6B26B9DC2CC46C03002E1EE9 /* Build configuration list for PBXNativeTarget "dotconvert" */ = {
			isa = XCConfigurationList;
			buildConfigurations = (
				6B26B9DD2CC46C03002E1EE9 /* Debug */,
				6B26B9DE2CC46C03002E1EE9 /* Release */,
			);
			defaultConfigurationIsVisible = 0;
			defaultConfigurationName = Release;
		};
		6B26B9DF2CC46C03002E1EE9 /* Build configuration list for PBXNativeTarget "dotconvertTests" */ = {
			isa = XCConfigurationList;
			buildConfigurations = (
				6B26B9E02CC46C03002E1EE9 /* Debug */,
				6B26B9E12CC46C03002E1EE9 /* Release */,
			);
			defaultConfigurationIsVisible = 0;
			defaultConfigurationName = Release;
		};
		6B26B9E22CC46C03002E1EE9 /* Build configuration list for PBXNativeTarget "dotconvertUITests" */ = {
			isa = XCConfigurationList;
			buildConfigurations = (
				6B26B9E32CC46C03002E1EE9 /* Debug */,
				6B26B9E42CC46C03002E1EE9 /* Release */,
			);
			defaultConfigurationIsVisible = 0;
			defaultConfigurationName = Release;
		};
/* End XCConfigurationList section */
	};
	rootObject = 6B26B9AB2CC46C02002E1EE9 /* Project object */;
}
